
Microsoft Visual Studio Solution File, Format Version 12.00
# Visual Studio Version 17
VisualStudioVersion = 17.4.33403.182
MinimumVisualStudioVersion = 10.0.40219.1
Project("{8BC9CEB8-8B4A-11D0-8D11-00A0C91BC942}") = "Beta4", "Beta4\Beta4.vcxproj", "{CBE6AEA8-A6F2-4D87-9E10-5CD79CA4312B}"
EndProject
Global
	GlobalSection(SolutionConfigurationPlatforms) = preSolution
		Debug|x64 = Debug|x64
		Debug|x86 = Debug|x86
		Release|x64 = Release|x64
		Release|x86 = Release|x86
	EndGlobalSection
	GlobalSection(ProjectConfigurationPlatforms) = postSolution
		{CBE6AEA8-A6F2-4D87-9E10-5CD79CA4312B}.Debug|x64.ActiveCfg = Debug|x64
		{CBE6AEA8-A6F2-4D87-9E10-5CD79CA4312B}.Debug|x64.Build.0 = Debug|x64
		{CBE6AEA8-A6F2-4D87-9E10-5CD79CA4312B}.Debug|x86.ActiveCfg = Debug|Win32
		{CBE6AEA8-A6F2-4D87-9E10-5CD79CA4312B}.Debug|x86.Build.0 = Debug|Win32
		{CBE6AEA8-A6F2-4D87-9E10-5CD79CA4312B}.Release|x64.ActiveCfg = Release|x64
		{CBE6AEA8-A6F2-4D87-9E10-5CD79CA4312B}.Release|x64.Build.0 = Release|x64
		{CBE6AEA8-A6F2-4D87-9E10-5CD79CA4312B}.Release|x86.ActiveCfg = Release|Win32
		{CBE6AEA8-A6F2-4D87-9E10-5CD79CA4312B}.Release|x86.Build.0 = Release|Win32
	EndGlobalSection
	GlobalSection(SolutionProperties) = preSolution
		HideSolutionNode = FALSE
	EndGlobalSection
	GlobalSection(ExtensibilityGlobals) = postSolution
		SolutionGuid = {02A30C3F-7480-4526-AA21-DBBE1AEA9CBB}
	EndGlobalSection
EndGlobal
